
Microsoft Visual Studio Solution File, Format Version 12.00
# Visual Studio Version 17
VisualStudioVersion = 17.3.32825.248
MinimumVisualStudioVersion = 10.0.40219.1
Project("{FAE04EC0-301F-11D3-BF4B-00C04F79EFBC}") = "SR2_Zhalilov_Aktan_223-1_10var", "SR2_Zhalilov_Aktan_223-1_10var\SR2_Zhalilov_Aktan_223-1_10var.csproj", "{3EAF0E47-1A2E-4F1A-A62F-9B0801A847C3}"
EndProject
Global
	GlobalSection(SolutionConfigurationPlatforms) = preSolution
		Debug|Any CPU = Debug|Any CPU
		Release|Any CPU = Release|Any CPU
	EndGlobalSection
	GlobalSection(ProjectConfigurationPlatforms) = postSolution
		{3EAF0E47-1A2E-4F1A-A62F-9B0801A847C3}.Debug|Any CPU.ActiveCfg = Debug|Any CPU
		{3EAF0E47-1A2E-4F1A-A62F-9B0801A847C3}.Debug|Any CPU.Build.0 = Debug|Any CPU
		{3EAF0E47-1A2E-4F1A-A62F-9B0801A847C3}.Release|Any CPU.ActiveCfg = Release|Any CPU
		{3EAF0E47-1A2E-4F1A-A62F-9B0801A847C3}.Release|Any CPU.Build.0 = Release|Any CPU
	EndGlobalSection
	GlobalSection(SolutionProperties) = preSolution
		HideSolutionNode = FALSE
	EndGlobalSection
	GlobalSection(ExtensibilityGlobals) = postSolution
		SolutionGuid = {E4BFFEA1-2109-40AA-88A7-A89BA563877B}
	EndGlobalSection
EndGlobal
