
Microsoft Visual Studio Solution File, Format Version 12.00
Project("{FAE04EC0-301F-11D3-BF4B-00C04F79EFBC}") = "A", "A\A.csproj", "{E0D8A831-FCFA-4974-8190-305DD5A6A617}"
EndProject
Project("{FAE04EC0-301F-11D3-BF4B-00C04F79EFBC}") = "B", "B\B.csproj", "{DDE062CC-F271-497E-9140-BAAB2A3B1BAE}"
EndProject
Project("{FAE04EC0-301F-11D3-BF4B-00C04F79EFBC}") = "D", "D\D.csproj", "{2106C27D-9DF1-49E5-9E71-9F6043CBA980}"
EndProject
Project("{FAE04EC0-301F-11D3-BF4B-00C04F79EFBC}") = "C", "C\C.csproj", "{23FF3737-B999-4963-86DA-FD764BDCFC3F}"
EndProject
Project("{FAE04EC0-301F-11D3-BF4B-00C04F79EFBC}") = "E", "E\E.csproj", "{E4CEDE46-65EE-4F86-A78E-6DBE8E3FDB40}"
EndProject
Project("{FAE04EC0-301F-11D3-BF4B-00C04F79EFBC}") = "F", "F\F.csproj", "{413C74E1-4A6D-44EF-A8F4-802E6E3DB527}"
EndProject
Project("{FAE04EC0-301F-11D3-BF4B-00C04F79EFBC}") = "G", "G\G.csproj", "{26954A6F-0E8B-4B83-A2AD-8569BCFF59B3}"
EndProject
Project("{FAE04EC0-301F-11D3-BF4B-00C04F79EFBC}") = "H", "H\H.csproj", "{13CC7525-74AB-4A42-AC68-3D1A1DBCFF97}"
EndProject
Project("{FAE04EC0-301F-11D3-BF4B-00C04F79EFBC}") = "I", "I\I.csproj", "{8B7F6168-AF19-4F37-8B23-803CA99A1325}"
EndProject
Project("{FAE04EC0-301F-11D3-BF4B-00C04F79EFBC}") = "J", "J\J.csproj", "{E5068EC0-A65F-4AB8-B8A1-9713E298A9C9}"
EndProject
Global
	GlobalSection(SolutionConfigurationPlatforms) = preSolution
		Debug|Any CPU = Debug|Any CPU
		Release|Any CPU = Release|Any CPU
	EndGlobalSection
	GlobalSection(ProjectConfigurationPlatforms) = postSolution
		{E0D8A831-FCFA-4974-8190-305DD5A6A617}.Debug|Any CPU.ActiveCfg = Debug|Any CPU
		{E0D8A831-FCFA-4974-8190-305DD5A6A617}.Debug|Any CPU.Build.0 = Debug|Any CPU
		{E0D8A831-FCFA-4974-8190-305DD5A6A617}.Release|Any CPU.ActiveCfg = Release|Any CPU
		{E0D8A831-FCFA-4974-8190-305DD5A6A617}.Release|Any CPU.Build.0 = Release|Any CPU
		{DDE062CC-F271-497E-9140-BAAB2A3B1BAE}.Debug|Any CPU.ActiveCfg = Debug|Any CPU
		{DDE062CC-F271-497E-9140-BAAB2A3B1BAE}.Debug|Any CPU.Build.0 = Debug|Any CPU
		{DDE062CC-F271-497E-9140-BAAB2A3B1BAE}.Release|Any CPU.ActiveCfg = Release|Any CPU
		{DDE062CC-F271-497E-9140-BAAB2A3B1BAE}.Release|Any CPU.Build.0 = Release|Any CPU
		{2106C27D-9DF1-49E5-9E71-9F6043CBA980}.Debug|Any CPU.ActiveCfg = Debug|Any CPU
		{2106C27D-9DF1-49E5-9E71-9F6043CBA980}.Debug|Any CPU.Build.0 = Debug|Any CPU
		{2106C27D-9DF1-49E5-9E71-9F6043CBA980}.Release|Any CPU.ActiveCfg = Release|Any CPU
		{2106C27D-9DF1-49E5-9E71-9F6043CBA980}.Release|Any CPU.Build.0 = Release|Any CPU
		{23FF3737-B999-4963-86DA-FD764BDCFC3F}.Debug|Any CPU.ActiveCfg = Debug|Any CPU
		{23FF3737-B999-4963-86DA-FD764BDCFC3F}.Debug|Any CPU.Build.0 = Debug|Any CPU
		{23FF3737-B999-4963-86DA-FD764BDCFC3F}.Release|Any CPU.ActiveCfg = Release|Any CPU
		{23FF3737-B999-4963-86DA-FD764BDCFC3F}.Release|Any CPU.Build.0 = Release|Any CPU
		{E4CEDE46-65EE-4F86-A78E-6DBE8E3FDB40}.Debug|Any CPU.ActiveCfg = Debug|Any CPU
		{E4CEDE46-65EE-4F86-A78E-6DBE8E3FDB40}.Debug|Any CPU.Build.0 = Debug|Any CPU
		{E4CEDE46-65EE-4F86-A78E-6DBE8E3FDB40}.Release|Any CPU.ActiveCfg = Release|Any CPU
		{E4CEDE46-65EE-4F86-A78E-6DBE8E3FDB40}.Release|Any CPU.Build.0 = Release|Any CPU
		{413C74E1-4A6D-44EF-A8F4-802E6E3DB527}.Debug|Any CPU.ActiveCfg = Debug|Any CPU
		{413C74E1-4A6D-44EF-A8F4-802E6E3DB527}.Debug|Any CPU.Build.0 = Debug|Any CPU
		{413C74E1-4A6D-44EF-A8F4-802E6E3DB527}.Release|Any CPU.ActiveCfg = Release|Any CPU
		{413C74E1-4A6D-44EF-A8F4-802E6E3DB527}.Release|Any CPU.Build.0 = Release|Any CPU
		{26954A6F-0E8B-4B83-A2AD-8569BCFF59B3}.Debug|Any CPU.ActiveCfg = Debug|Any CPU
		{26954A6F-0E8B-4B83-A2AD-8569BCFF59B3}.Debug|Any CPU.Build.0 = Debug|Any CPU
		{26954A6F-0E8B-4B83-A2AD-8569BCFF59B3}.Release|Any CPU.ActiveCfg = Release|Any CPU
		{26954A6F-0E8B-4B83-A2AD-8569BCFF59B3}.Release|Any CPU.Build.0 = Release|Any CPU
		{13CC7525-74AB-4A42-AC68-3D1A1DBCFF97}.Debug|Any CPU.ActiveCfg = Debug|Any CPU
		{13CC7525-74AB-4A42-AC68-3D1A1DBCFF97}.Debug|Any CPU.Build.0 = Debug|Any CPU
		{13CC7525-74AB-4A42-AC68-3D1A1DBCFF97}.Release|Any CPU.ActiveCfg = Release|Any CPU
		{13CC7525-74AB-4A42-AC68-3D1A1DBCFF97}.Release|Any CPU.Build.0 = Release|Any CPU
		{8B7F6168-AF19-4F37-8B23-803CA99A1325}.Debug|Any CPU.ActiveCfg = Debug|Any CPU
		{8B7F6168-AF19-4F37-8B23-803CA99A1325}.Debug|Any CPU.Build.0 = Debug|Any CPU
		{8B7F6168-AF19-4F37-8B23-803CA99A1325}.Release|Any CPU.ActiveCfg = Release|Any CPU
		{8B7F6168-AF19-4F37-8B23-803CA99A1325}.Release|Any CPU.Build.0 = Release|Any CPU
		{E5068EC0-A65F-4AB8-B8A1-9713E298A9C9}.Debug|Any CPU.ActiveCfg = Debug|Any CPU
		{E5068EC0-A65F-4AB8-B8A1-9713E298A9C9}.Debug|Any CPU.Build.0 = Debug|Any CPU
		{E5068EC0-A65F-4AB8-B8A1-9713E298A9C9}.Release|Any CPU.ActiveCfg = Release|Any CPU
		{E5068EC0-A65F-4AB8-B8A1-9713E298A9C9}.Release|Any CPU.Build.0 = Release|Any CPU
	EndGlobalSection
EndGlobal
