
Microsoft Visual Studio Solution File, Format Version 12.00
Project("{FAE04EC0-301F-11D3-BF4B-00C04F79EFBC}") = "C", "C\C.csproj", "{ABD9B6F5-8397-446D-AA8B-201F8A8B1472}"
EndProject
Project("{FAE04EC0-301F-11D3-BF4B-00C04F79EFBC}") = "B", "B\B.csproj", "{318D17AA-F006-4461-9D3F-C4E9A2FDD8BB}"
EndProject
Project("{FAE04EC0-301F-11D3-BF4B-00C04F79EFBC}") = "A", "A\A.csproj", "{5DCDF234-76C8-4566-9782-9F8D72318793}"
EndProject
Project("{FAE04EC0-301F-11D3-BF4B-00C04F79EFBC}") = "D", "D\D.csproj", "{5A814681-585A-4C90-AB7D-1AEA6DF2C759}"
EndProject
Project("{FAE04EC0-301F-11D3-BF4B-00C04F79EFBC}") = "E", "E\E.csproj", "{713C78EC-8A66-4C94-B764-C94C8747B7C8}"
EndProject
Project("{FAE04EC0-301F-11D3-BF4B-00C04F79EFBC}") = "F", "F\F.csproj", "{21BA5B47-423D-41C4-A229-876C411C1FB0}"
EndProject
Project("{FAE04EC0-301F-11D3-BF4B-00C04F79EFBC}") = "G", "G\G.csproj", "{0B549F83-5D98-4447-AC96-24803D65B439}"
EndProject
Project("{FAE04EC0-301F-11D3-BF4B-00C04F79EFBC}") = "H", "H\H.csproj", "{6126538A-0BD8-45B2-8C69-0ECEF3FA2249}"
EndProject
Project("{FAE04EC0-301F-11D3-BF4B-00C04F79EFBC}") = "I", "I\I.csproj", "{276112A9-1E18-4467-B3CB-EFCB64A01156}"
EndProject
Project("{FAE04EC0-301F-11D3-BF4B-00C04F79EFBC}") = "J", "J\J.csproj", "{2DC4AC6A-5D09-4B22-A384-76D4D1C3EF4C}"
EndProject
Global
	GlobalSection(SolutionConfigurationPlatforms) = preSolution
		Debug|Any CPU = Debug|Any CPU
		Release|Any CPU = Release|Any CPU
	EndGlobalSection
	GlobalSection(ProjectConfigurationPlatforms) = postSolution
		{ABD9B6F5-8397-446D-AA8B-201F8A8B1472}.Debug|Any CPU.ActiveCfg = Debug|Any CPU
		{ABD9B6F5-8397-446D-AA8B-201F8A8B1472}.Debug|Any CPU.Build.0 = Debug|Any CPU
		{ABD9B6F5-8397-446D-AA8B-201F8A8B1472}.Release|Any CPU.ActiveCfg = Release|Any CPU
		{ABD9B6F5-8397-446D-AA8B-201F8A8B1472}.Release|Any CPU.Build.0 = Release|Any CPU
		{318D17AA-F006-4461-9D3F-C4E9A2FDD8BB}.Debug|Any CPU.ActiveCfg = Debug|Any CPU
		{318D17AA-F006-4461-9D3F-C4E9A2FDD8BB}.Debug|Any CPU.Build.0 = Debug|Any CPU
		{318D17AA-F006-4461-9D3F-C4E9A2FDD8BB}.Release|Any CPU.ActiveCfg = Release|Any CPU
		{318D17AA-F006-4461-9D3F-C4E9A2FDD8BB}.Release|Any CPU.Build.0 = Release|Any CPU
		{5DCDF234-76C8-4566-9782-9F8D72318793}.Debug|Any CPU.ActiveCfg = Debug|Any CPU
		{5DCDF234-76C8-4566-9782-9F8D72318793}.Debug|Any CPU.Build.0 = Debug|Any CPU
		{5DCDF234-76C8-4566-9782-9F8D72318793}.Release|Any CPU.ActiveCfg = Release|Any CPU
		{5DCDF234-76C8-4566-9782-9F8D72318793}.Release|Any CPU.Build.0 = Release|Any CPU
		{5A814681-585A-4C90-AB7D-1AEA6DF2C759}.Debug|Any CPU.ActiveCfg = Debug|Any CPU
		{5A814681-585A-4C90-AB7D-1AEA6DF2C759}.Debug|Any CPU.Build.0 = Debug|Any CPU
		{5A814681-585A-4C90-AB7D-1AEA6DF2C759}.Release|Any CPU.ActiveCfg = Release|Any CPU
		{5A814681-585A-4C90-AB7D-1AEA6DF2C759}.Release|Any CPU.Build.0 = Release|Any CPU
		{713C78EC-8A66-4C94-B764-C94C8747B7C8}.Debug|Any CPU.ActiveCfg = Debug|Any CPU
		{713C78EC-8A66-4C94-B764-C94C8747B7C8}.Debug|Any CPU.Build.0 = Debug|Any CPU
		{713C78EC-8A66-4C94-B764-C94C8747B7C8}.Release|Any CPU.ActiveCfg = Release|Any CPU
		{713C78EC-8A66-4C94-B764-C94C8747B7C8}.Release|Any CPU.Build.0 = Release|Any CPU
		{21BA5B47-423D-41C4-A229-876C411C1FB0}.Debug|Any CPU.ActiveCfg = Debug|Any CPU
		{21BA5B47-423D-41C4-A229-876C411C1FB0}.Debug|Any CPU.Build.0 = Debug|Any CPU
		{21BA5B47-423D-41C4-A229-876C411C1FB0}.Release|Any CPU.ActiveCfg = Release|Any CPU
		{21BA5B47-423D-41C4-A229-876C411C1FB0}.Release|Any CPU.Build.0 = Release|Any CPU
		{0B549F83-5D98-4447-AC96-24803D65B439}.Debug|Any CPU.ActiveCfg = Debug|Any CPU
		{0B549F83-5D98-4447-AC96-24803D65B439}.Debug|Any CPU.Build.0 = Debug|Any CPU
		{0B549F83-5D98-4447-AC96-24803D65B439}.Release|Any CPU.ActiveCfg = Release|Any CPU
		{0B549F83-5D98-4447-AC96-24803D65B439}.Release|Any CPU.Build.0 = Release|Any CPU
		{6126538A-0BD8-45B2-8C69-0ECEF3FA2249}.Debug|Any CPU.ActiveCfg = Debug|Any CPU
		{6126538A-0BD8-45B2-8C69-0ECEF3FA2249}.Debug|Any CPU.Build.0 = Debug|Any CPU
		{6126538A-0BD8-45B2-8C69-0ECEF3FA2249}.Release|Any CPU.ActiveCfg = Release|Any CPU
		{6126538A-0BD8-45B2-8C69-0ECEF3FA2249}.Release|Any CPU.Build.0 = Release|Any CPU
		{276112A9-1E18-4467-B3CB-EFCB64A01156}.Debug|Any CPU.ActiveCfg = Debug|Any CPU
		{276112A9-1E18-4467-B3CB-EFCB64A01156}.Debug|Any CPU.Build.0 = Debug|Any CPU
		{276112A9-1E18-4467-B3CB-EFCB64A01156}.Release|Any CPU.ActiveCfg = Release|Any CPU
		{276112A9-1E18-4467-B3CB-EFCB64A01156}.Release|Any CPU.Build.0 = Release|Any CPU
		{2DC4AC6A-5D09-4B22-A384-76D4D1C3EF4C}.Debug|Any CPU.ActiveCfg = Debug|Any CPU
		{2DC4AC6A-5D09-4B22-A384-76D4D1C3EF4C}.Debug|Any CPU.Build.0 = Debug|Any CPU
		{2DC4AC6A-5D09-4B22-A384-76D4D1C3EF4C}.Release|Any CPU.ActiveCfg = Release|Any CPU
		{2DC4AC6A-5D09-4B22-A384-76D4D1C3EF4C}.Release|Any CPU.Build.0 = Release|Any CPU
	EndGlobalSection
EndGlobal
