
Microsoft Visual Studio Solution File, Format Version 12.00
Project("{FAE04EC0-301F-11D3-BF4B-00C04F79EFBC}") = "A", "A\A.csproj", "{F5E7B71D-8140-4367-8395-6967AD3D8156}"
EndProject
Project("{FAE04EC0-301F-11D3-BF4B-00C04F79EFBC}") = "B", "B\B.csproj", "{317FE586-9B56-4869-ACA9-869E7E17A6AB}"
EndProject
Project("{FAE04EC0-301F-11D3-BF4B-00C04F79EFBC}") = "C", "C\C.csproj", "{D4584C6B-ACF1-4546-9DE3-29E5393B01EC}"
EndProject
Project("{FAE04EC0-301F-11D3-BF4B-00C04F79EFBC}") = "D", "D\D.csproj", "{F7BF7294-FE70-4556-8E71-CF8E3A9C218A}"
EndProject
Project("{FAE04EC0-301F-11D3-BF4B-00C04F79EFBC}") = "E", "E\E.csproj", "{46210572-5C6C-4257-A7D3-68097F264B01}"
EndProject
Project("{FAE04EC0-301F-11D3-BF4B-00C04F79EFBC}") = "F", "F\F.csproj", "{7B640D16-9A6C-4B3E-8531-6F5CCF6D8D5C}"
EndProject
Project("{FAE04EC0-301F-11D3-BF4B-00C04F79EFBC}") = "J", "J\J.csproj", "{6F775E73-2DEC-429A-983B-146BCBEAE92B}"
EndProject
Project("{FAE04EC0-301F-11D3-BF4B-00C04F79EFBC}") = "G", "G\G.csproj", "{D19A7D97-36BA-4230-84CB-565FF19D9091}"
EndProject
Project("{FAE04EC0-301F-11D3-BF4B-00C04F79EFBC}") = "H", "H\H.csproj", "{C5E09446-439E-4A3E-A423-0681DEE32B33}"
EndProject
Project("{FAE04EC0-301F-11D3-BF4B-00C04F79EFBC}") = "I", "I\I.csproj", "{B602EB09-FDBB-4B53-92BD-C226BC9DE593}"
EndProject
Global
	GlobalSection(SolutionConfigurationPlatforms) = preSolution
		Debug|Any CPU = Debug|Any CPU
		Release|Any CPU = Release|Any CPU
	EndGlobalSection
	GlobalSection(ProjectConfigurationPlatforms) = postSolution
		{F5E7B71D-8140-4367-8395-6967AD3D8156}.Debug|Any CPU.ActiveCfg = Debug|Any CPU
		{F5E7B71D-8140-4367-8395-6967AD3D8156}.Debug|Any CPU.Build.0 = Debug|Any CPU
		{F5E7B71D-8140-4367-8395-6967AD3D8156}.Release|Any CPU.ActiveCfg = Release|Any CPU
		{F5E7B71D-8140-4367-8395-6967AD3D8156}.Release|Any CPU.Build.0 = Release|Any CPU
		{317FE586-9B56-4869-ACA9-869E7E17A6AB}.Debug|Any CPU.ActiveCfg = Debug|Any CPU
		{317FE586-9B56-4869-ACA9-869E7E17A6AB}.Debug|Any CPU.Build.0 = Debug|Any CPU
		{317FE586-9B56-4869-ACA9-869E7E17A6AB}.Release|Any CPU.ActiveCfg = Release|Any CPU
		{317FE586-9B56-4869-ACA9-869E7E17A6AB}.Release|Any CPU.Build.0 = Release|Any CPU
		{D4584C6B-ACF1-4546-9DE3-29E5393B01EC}.Debug|Any CPU.ActiveCfg = Debug|Any CPU
		{D4584C6B-ACF1-4546-9DE3-29E5393B01EC}.Debug|Any CPU.Build.0 = Debug|Any CPU
		{D4584C6B-ACF1-4546-9DE3-29E5393B01EC}.Release|Any CPU.ActiveCfg = Release|Any CPU
		{D4584C6B-ACF1-4546-9DE3-29E5393B01EC}.Release|Any CPU.Build.0 = Release|Any CPU
		{F7BF7294-FE70-4556-8E71-CF8E3A9C218A}.Debug|Any CPU.ActiveCfg = Debug|Any CPU
		{F7BF7294-FE70-4556-8E71-CF8E3A9C218A}.Debug|Any CPU.Build.0 = Debug|Any CPU
		{F7BF7294-FE70-4556-8E71-CF8E3A9C218A}.Release|Any CPU.ActiveCfg = Release|Any CPU
		{F7BF7294-FE70-4556-8E71-CF8E3A9C218A}.Release|Any CPU.Build.0 = Release|Any CPU
		{46210572-5C6C-4257-A7D3-68097F264B01}.Debug|Any CPU.ActiveCfg = Debug|Any CPU
		{46210572-5C6C-4257-A7D3-68097F264B01}.Debug|Any CPU.Build.0 = Debug|Any CPU
		{46210572-5C6C-4257-A7D3-68097F264B01}.Release|Any CPU.ActiveCfg = Release|Any CPU
		{46210572-5C6C-4257-A7D3-68097F264B01}.Release|Any CPU.Build.0 = Release|Any CPU
		{7B640D16-9A6C-4B3E-8531-6F5CCF6D8D5C}.Debug|Any CPU.ActiveCfg = Debug|Any CPU
		{7B640D16-9A6C-4B3E-8531-6F5CCF6D8D5C}.Debug|Any CPU.Build.0 = Debug|Any CPU
		{7B640D16-9A6C-4B3E-8531-6F5CCF6D8D5C}.Release|Any CPU.ActiveCfg = Release|Any CPU
		{7B640D16-9A6C-4B3E-8531-6F5CCF6D8D5C}.Release|Any CPU.Build.0 = Release|Any CPU
		{6F775E73-2DEC-429A-983B-146BCBEAE92B}.Debug|Any CPU.ActiveCfg = Debug|Any CPU
		{6F775E73-2DEC-429A-983B-146BCBEAE92B}.Debug|Any CPU.Build.0 = Debug|Any CPU
		{6F775E73-2DEC-429A-983B-146BCBEAE92B}.Release|Any CPU.ActiveCfg = Release|Any CPU
		{6F775E73-2DEC-429A-983B-146BCBEAE92B}.Release|Any CPU.Build.0 = Release|Any CPU
		{D19A7D97-36BA-4230-84CB-565FF19D9091}.Debug|Any CPU.ActiveCfg = Debug|Any CPU
		{D19A7D97-36BA-4230-84CB-565FF19D9091}.Debug|Any CPU.Build.0 = Debug|Any CPU
		{D19A7D97-36BA-4230-84CB-565FF19D9091}.Release|Any CPU.ActiveCfg = Release|Any CPU
		{D19A7D97-36BA-4230-84CB-565FF19D9091}.Release|Any CPU.Build.0 = Release|Any CPU
		{C5E09446-439E-4A3E-A423-0681DEE32B33}.Debug|Any CPU.ActiveCfg = Debug|Any CPU
		{C5E09446-439E-4A3E-A423-0681DEE32B33}.Debug|Any CPU.Build.0 = Debug|Any CPU
		{C5E09446-439E-4A3E-A423-0681DEE32B33}.Release|Any CPU.ActiveCfg = Release|Any CPU
		{C5E09446-439E-4A3E-A423-0681DEE32B33}.Release|Any CPU.Build.0 = Release|Any CPU
		{B602EB09-FDBB-4B53-92BD-C226BC9DE593}.Debug|Any CPU.ActiveCfg = Debug|Any CPU
		{B602EB09-FDBB-4B53-92BD-C226BC9DE593}.Debug|Any CPU.Build.0 = Debug|Any CPU
		{B602EB09-FDBB-4B53-92BD-C226BC9DE593}.Release|Any CPU.ActiveCfg = Release|Any CPU
		{B602EB09-FDBB-4B53-92BD-C226BC9DE593}.Release|Any CPU.Build.0 = Release|Any CPU
	EndGlobalSection
EndGlobal
