
Microsoft Visual Studio Solution File, Format Version 12.00
Project("{FAE04EC0-301F-11D3-BF4B-00C04F79EFBC}") = "A", "A\A.csproj", "{175498A0-AA04-4DC5-B2C0-5EE144FC9E11}"
EndProject
Project("{FAE04EC0-301F-11D3-BF4B-00C04F79EFBC}") = "B", "B\B.csproj", "{1EA01056-397F-42B6-9FA6-95985F3D2AD6}"
EndProject
Project("{FAE04EC0-301F-11D3-BF4B-00C04F79EFBC}") = "C", "C\C.csproj", "{7AEE1B6D-D678-4D05-B4C8-97E70DB5C2BA}"
EndProject
Project("{FAE04EC0-301F-11D3-BF4B-00C04F79EFBC}") = "D", "D\D.csproj", "{E32A7486-F4F6-4289-9028-49722565CCCF}"
EndProject
Project("{FAE04EC0-301F-11D3-BF4B-00C04F79EFBC}") = "E", "E\E.csproj", "{6287ECFC-E4D2-4D4E-9EE9-6B6C11FC843D}"
EndProject
Project("{FAE04EC0-301F-11D3-BF4B-00C04F79EFBC}") = "F", "F\F.csproj", "{7C5462A4-2381-41B4-91B4-C2B420F72B37}"
EndProject
Project("{FAE04EC0-301F-11D3-BF4B-00C04F79EFBC}") = "G", "G\G.csproj", "{2302E7DF-D568-4F5B-918B-65D8E1BC4F1B}"
EndProject
Project("{FAE04EC0-301F-11D3-BF4B-00C04F79EFBC}") = "H", "H\H.csproj", "{C756E353-43BF-4234-9F6E-9B162BB9332E}"
EndProject
Project("{FAE04EC0-301F-11D3-BF4B-00C04F79EFBC}") = "I", "I\I.csproj", "{203C2911-C8E6-43EF-98DA-F13AB743003C}"
EndProject
Project("{FAE04EC0-301F-11D3-BF4B-00C04F79EFBC}") = "J", "J\J.csproj", "{6884347E-9CBB-4783-8F0E-20ED24E277D8}"
EndProject
Global
	GlobalSection(SolutionConfigurationPlatforms) = preSolution
		Debug|Any CPU = Debug|Any CPU
		Release|Any CPU = Release|Any CPU
	EndGlobalSection
	GlobalSection(ProjectConfigurationPlatforms) = postSolution
		{175498A0-AA04-4DC5-B2C0-5EE144FC9E11}.Debug|Any CPU.ActiveCfg = Debug|Any CPU
		{175498A0-AA04-4DC5-B2C0-5EE144FC9E11}.Debug|Any CPU.Build.0 = Debug|Any CPU
		{175498A0-AA04-4DC5-B2C0-5EE144FC9E11}.Release|Any CPU.ActiveCfg = Release|Any CPU
		{175498A0-AA04-4DC5-B2C0-5EE144FC9E11}.Release|Any CPU.Build.0 = Release|Any CPU
		{1EA01056-397F-42B6-9FA6-95985F3D2AD6}.Debug|Any CPU.ActiveCfg = Debug|Any CPU
		{1EA01056-397F-42B6-9FA6-95985F3D2AD6}.Debug|Any CPU.Build.0 = Debug|Any CPU
		{1EA01056-397F-42B6-9FA6-95985F3D2AD6}.Release|Any CPU.ActiveCfg = Release|Any CPU
		{1EA01056-397F-42B6-9FA6-95985F3D2AD6}.Release|Any CPU.Build.0 = Release|Any CPU
		{7AEE1B6D-D678-4D05-B4C8-97E70DB5C2BA}.Debug|Any CPU.ActiveCfg = Debug|Any CPU
		{7AEE1B6D-D678-4D05-B4C8-97E70DB5C2BA}.Debug|Any CPU.Build.0 = Debug|Any CPU
		{7AEE1B6D-D678-4D05-B4C8-97E70DB5C2BA}.Release|Any CPU.ActiveCfg = Release|Any CPU
		{7AEE1B6D-D678-4D05-B4C8-97E70DB5C2BA}.Release|Any CPU.Build.0 = Release|Any CPU
		{E32A7486-F4F6-4289-9028-49722565CCCF}.Debug|Any CPU.ActiveCfg = Debug|Any CPU
		{E32A7486-F4F6-4289-9028-49722565CCCF}.Debug|Any CPU.Build.0 = Debug|Any CPU
		{E32A7486-F4F6-4289-9028-49722565CCCF}.Release|Any CPU.ActiveCfg = Release|Any CPU
		{E32A7486-F4F6-4289-9028-49722565CCCF}.Release|Any CPU.Build.0 = Release|Any CPU
		{6287ECFC-E4D2-4D4E-9EE9-6B6C11FC843D}.Debug|Any CPU.ActiveCfg = Debug|Any CPU
		{6287ECFC-E4D2-4D4E-9EE9-6B6C11FC843D}.Debug|Any CPU.Build.0 = Debug|Any CPU
		{6287ECFC-E4D2-4D4E-9EE9-6B6C11FC843D}.Release|Any CPU.ActiveCfg = Release|Any CPU
		{6287ECFC-E4D2-4D4E-9EE9-6B6C11FC843D}.Release|Any CPU.Build.0 = Release|Any CPU
		{7C5462A4-2381-41B4-91B4-C2B420F72B37}.Debug|Any CPU.ActiveCfg = Debug|Any CPU
		{7C5462A4-2381-41B4-91B4-C2B420F72B37}.Debug|Any CPU.Build.0 = Debug|Any CPU
		{7C5462A4-2381-41B4-91B4-C2B420F72B37}.Release|Any CPU.ActiveCfg = Release|Any CPU
		{7C5462A4-2381-41B4-91B4-C2B420F72B37}.Release|Any CPU.Build.0 = Release|Any CPU
		{2302E7DF-D568-4F5B-918B-65D8E1BC4F1B}.Debug|Any CPU.ActiveCfg = Debug|Any CPU
		{2302E7DF-D568-4F5B-918B-65D8E1BC4F1B}.Debug|Any CPU.Build.0 = Debug|Any CPU
		{2302E7DF-D568-4F5B-918B-65D8E1BC4F1B}.Release|Any CPU.ActiveCfg = Release|Any CPU
		{2302E7DF-D568-4F5B-918B-65D8E1BC4F1B}.Release|Any CPU.Build.0 = Release|Any CPU
		{C756E353-43BF-4234-9F6E-9B162BB9332E}.Debug|Any CPU.ActiveCfg = Debug|Any CPU
		{C756E353-43BF-4234-9F6E-9B162BB9332E}.Debug|Any CPU.Build.0 = Debug|Any CPU
		{C756E353-43BF-4234-9F6E-9B162BB9332E}.Release|Any CPU.ActiveCfg = Release|Any CPU
		{C756E353-43BF-4234-9F6E-9B162BB9332E}.Release|Any CPU.Build.0 = Release|Any CPU
		{203C2911-C8E6-43EF-98DA-F13AB743003C}.Debug|Any CPU.ActiveCfg = Debug|Any CPU
		{203C2911-C8E6-43EF-98DA-F13AB743003C}.Debug|Any CPU.Build.0 = Debug|Any CPU
		{203C2911-C8E6-43EF-98DA-F13AB743003C}.Release|Any CPU.ActiveCfg = Release|Any CPU
		{203C2911-C8E6-43EF-98DA-F13AB743003C}.Release|Any CPU.Build.0 = Release|Any CPU
		{6884347E-9CBB-4783-8F0E-20ED24E277D8}.Debug|Any CPU.ActiveCfg = Debug|Any CPU
		{6884347E-9CBB-4783-8F0E-20ED24E277D8}.Debug|Any CPU.Build.0 = Debug|Any CPU
		{6884347E-9CBB-4783-8F0E-20ED24E277D8}.Release|Any CPU.ActiveCfg = Release|Any CPU
		{6884347E-9CBB-4783-8F0E-20ED24E277D8}.Release|Any CPU.Build.0 = Release|Any CPU
	EndGlobalSection
EndGlobal
