
Microsoft Visual Studio Solution File, Format Version 12.00
Project("{FAE04EC0-301F-11D3-BF4B-00C04F79EFBC}") = "A", "A\A.csproj", "{9DB321AC-773F-4EEE-B8A0-9A441396D875}"
EndProject
Project("{FAE04EC0-301F-11D3-BF4B-00C04F79EFBC}") = "B", "B\B.csproj", "{DEA44FB2-4FCC-4C59-BA1B-3C5172068C65}"
EndProject
Project("{FAE04EC0-301F-11D3-BF4B-00C04F79EFBC}") = "C", "C\C.csproj", "{317A8B5C-B6B7-4AA0-A8A9-710AEB979E33}"
EndProject
Project("{FAE04EC0-301F-11D3-BF4B-00C04F79EFBC}") = "D", "D\D.csproj", "{3EEC1C14-089A-4A38-9D83-AB439DD4D181}"
EndProject
Project("{FAE04EC0-301F-11D3-BF4B-00C04F79EFBC}") = "E", "E\E.csproj", "{80DAA5D7-F52C-46C2-A68A-731667F572CD}"
EndProject
Project("{FAE04EC0-301F-11D3-BF4B-00C04F79EFBC}") = "F", "F\F.csproj", "{6DE94F55-7009-4253-99C9-B1A7B0BA6821}"
EndProject
Project("{FAE04EC0-301F-11D3-BF4B-00C04F79EFBC}") = "G", "G\G.csproj", "{4165A9F3-321F-4642-8FB2-54F410C6CC0E}"
EndProject
Project("{FAE04EC0-301F-11D3-BF4B-00C04F79EFBC}") = "H", "H\H.csproj", "{BF57D854-1091-4F3C-BC7D-DE8CD3BD6159}"
EndProject
Project("{FAE04EC0-301F-11D3-BF4B-00C04F79EFBC}") = "I", "I\I.csproj", "{A78B58F8-C3BC-4F4E-B7CE-0B1FD52644D7}"
EndProject
Project("{FAE04EC0-301F-11D3-BF4B-00C04F79EFBC}") = "J", "J\J.csproj", "{482A038E-E9C9-42C3-B756-61D451AA4A16}"
EndProject
Global
	GlobalSection(SolutionConfigurationPlatforms) = preSolution
		Debug|Any CPU = Debug|Any CPU
		Release|Any CPU = Release|Any CPU
	EndGlobalSection
	GlobalSection(ProjectConfigurationPlatforms) = postSolution
		{9DB321AC-773F-4EEE-B8A0-9A441396D875}.Debug|Any CPU.ActiveCfg = Debug|Any CPU
		{9DB321AC-773F-4EEE-B8A0-9A441396D875}.Debug|Any CPU.Build.0 = Debug|Any CPU
		{9DB321AC-773F-4EEE-B8A0-9A441396D875}.Release|Any CPU.ActiveCfg = Release|Any CPU
		{9DB321AC-773F-4EEE-B8A0-9A441396D875}.Release|Any CPU.Build.0 = Release|Any CPU
		{DEA44FB2-4FCC-4C59-BA1B-3C5172068C65}.Debug|Any CPU.ActiveCfg = Debug|Any CPU
		{DEA44FB2-4FCC-4C59-BA1B-3C5172068C65}.Debug|Any CPU.Build.0 = Debug|Any CPU
		{DEA44FB2-4FCC-4C59-BA1B-3C5172068C65}.Release|Any CPU.ActiveCfg = Release|Any CPU
		{DEA44FB2-4FCC-4C59-BA1B-3C5172068C65}.Release|Any CPU.Build.0 = Release|Any CPU
		{317A8B5C-B6B7-4AA0-A8A9-710AEB979E33}.Debug|Any CPU.ActiveCfg = Debug|Any CPU
		{317A8B5C-B6B7-4AA0-A8A9-710AEB979E33}.Debug|Any CPU.Build.0 = Debug|Any CPU
		{317A8B5C-B6B7-4AA0-A8A9-710AEB979E33}.Release|Any CPU.ActiveCfg = Release|Any CPU
		{317A8B5C-B6B7-4AA0-A8A9-710AEB979E33}.Release|Any CPU.Build.0 = Release|Any CPU
		{3EEC1C14-089A-4A38-9D83-AB439DD4D181}.Debug|Any CPU.ActiveCfg = Debug|Any CPU
		{3EEC1C14-089A-4A38-9D83-AB439DD4D181}.Debug|Any CPU.Build.0 = Debug|Any CPU
		{3EEC1C14-089A-4A38-9D83-AB439DD4D181}.Release|Any CPU.ActiveCfg = Release|Any CPU
		{3EEC1C14-089A-4A38-9D83-AB439DD4D181}.Release|Any CPU.Build.0 = Release|Any CPU
		{80DAA5D7-F52C-46C2-A68A-731667F572CD}.Debug|Any CPU.ActiveCfg = Debug|Any CPU
		{80DAA5D7-F52C-46C2-A68A-731667F572CD}.Debug|Any CPU.Build.0 = Debug|Any CPU
		{80DAA5D7-F52C-46C2-A68A-731667F572CD}.Release|Any CPU.ActiveCfg = Release|Any CPU
		{80DAA5D7-F52C-46C2-A68A-731667F572CD}.Release|Any CPU.Build.0 = Release|Any CPU
		{6DE94F55-7009-4253-99C9-B1A7B0BA6821}.Debug|Any CPU.ActiveCfg = Debug|Any CPU
		{6DE94F55-7009-4253-99C9-B1A7B0BA6821}.Debug|Any CPU.Build.0 = Debug|Any CPU
		{6DE94F55-7009-4253-99C9-B1A7B0BA6821}.Release|Any CPU.ActiveCfg = Release|Any CPU
		{6DE94F55-7009-4253-99C9-B1A7B0BA6821}.Release|Any CPU.Build.0 = Release|Any CPU
		{4165A9F3-321F-4642-8FB2-54F410C6CC0E}.Debug|Any CPU.ActiveCfg = Debug|Any CPU
		{4165A9F3-321F-4642-8FB2-54F410C6CC0E}.Debug|Any CPU.Build.0 = Debug|Any CPU
		{4165A9F3-321F-4642-8FB2-54F410C6CC0E}.Release|Any CPU.ActiveCfg = Release|Any CPU
		{4165A9F3-321F-4642-8FB2-54F410C6CC0E}.Release|Any CPU.Build.0 = Release|Any CPU
		{BF57D854-1091-4F3C-BC7D-DE8CD3BD6159}.Debug|Any CPU.ActiveCfg = Debug|Any CPU
		{BF57D854-1091-4F3C-BC7D-DE8CD3BD6159}.Debug|Any CPU.Build.0 = Debug|Any CPU
		{BF57D854-1091-4F3C-BC7D-DE8CD3BD6159}.Release|Any CPU.ActiveCfg = Release|Any CPU
		{BF57D854-1091-4F3C-BC7D-DE8CD3BD6159}.Release|Any CPU.Build.0 = Release|Any CPU
		{A78B58F8-C3BC-4F4E-B7CE-0B1FD52644D7}.Debug|Any CPU.ActiveCfg = Debug|Any CPU
		{A78B58F8-C3BC-4F4E-B7CE-0B1FD52644D7}.Debug|Any CPU.Build.0 = Debug|Any CPU
		{A78B58F8-C3BC-4F4E-B7CE-0B1FD52644D7}.Release|Any CPU.ActiveCfg = Release|Any CPU
		{A78B58F8-C3BC-4F4E-B7CE-0B1FD52644D7}.Release|Any CPU.Build.0 = Release|Any CPU
		{482A038E-E9C9-42C3-B756-61D451AA4A16}.Debug|Any CPU.ActiveCfg = Debug|Any CPU
		{482A038E-E9C9-42C3-B756-61D451AA4A16}.Debug|Any CPU.Build.0 = Debug|Any CPU
		{482A038E-E9C9-42C3-B756-61D451AA4A16}.Release|Any CPU.ActiveCfg = Release|Any CPU
		{482A038E-E9C9-42C3-B756-61D451AA4A16}.Release|Any CPU.Build.0 = Release|Any CPU
	EndGlobalSection
EndGlobal
